
Microsoft Visual Studio Solution File, Format Version 12.00
# Visual Studio 2012
Project("{FAE04EC0-301F-11D3-BF4B-00C04F79EFBC}") = "ProductCategory", "ProductCategory\ProductCategory.csproj", "{4D4F4A50-F09D-495A-AB16-ADA1A45F6ACA}"
EndProject
Global
	GlobalSection(SolutionConfigurationPlatforms) = preSolution
		Debug|Any CPU = Debug|Any CPU
		Release|Any CPU = Release|Any CPU
	EndGlobalSection
	GlobalSection(ProjectConfigurationPlatforms) = postSolution
		{4D4F4A50-F09D-495A-AB16-ADA1A45F6ACA}.Debug|Any CPU.ActiveCfg = Debug|Any CPU
		{4D4F4A50-F09D-495A-AB16-ADA1A45F6ACA}.Debug|Any CPU.Build.0 = Debug|Any CPU
		{4D4F4A50-F09D-495A-AB16-ADA1A45F6ACA}.Release|Any CPU.ActiveCfg = Release|Any CPU
		{4D4F4A50-F09D-495A-AB16-ADA1A45F6ACA}.Release|Any CPU.Build.0 = Release|Any CPU
	EndGlobalSection
	GlobalSection(SolutionProperties) = preSolution
		HideSolutionNode = FALSE
	EndGlobalSection
EndGlobal
